{
  "version": 4,
  "terraform_version": "0.14.6",
  "serial": 457,
  "lineage": "b4bb15ff-9dfd-c7c9-2bc6-8fde710fdf79",
  "outputs": {},
  "resources": [
    {
      "mode": "managed",
      "type": "google_compute_backend_service",
      "name": "billpc",
      "provider": "provider[\"registry.terraform.io/hashicorp/google\"]",
      "instances": [
        {
          "schema_version": 1,
          "attributes": {
            "affinity_cookie_ttl_sec": 0,
            "backend": [
              {
                "balancing_mode": "UTILIZATION",
                "capacity_scaler": 1,
                "description": "",
                "group": "https://www.googleapis.com/compute/v1/projects/gcp-training-01-303001/regions/europe-west1/instanceGroups/jishnn-mig-g2",
                "max_connections": null,
                "max_connections_per_endpoint": null,
                "max_connections_per_instance": null,
                "max_rate": null,
                "max_rate_per_endpoint": null,
                "max_rate_per_instance": null,
                "max_utilization": 0.8
              },
              {
                "balancing_mode": "UTILIZATION",
                "capacity_scaler": 1,
                "description": "",
                "group": "https://www.googleapis.com/compute/v1/projects/gcp-training-01-303001/regions/us-east1/instanceGroups/jishnn-mig-g1",
                "max_connections": null,
                "max_connections_per_endpoint": null,
                "max_connections_per_instance": null,
                "max_rate": null,
                "max_rate_per_endpoint": null,
                "max_rate_per_instance": null,
                "max_utilization": 0.8
              }
            ],
            "cdn_policy": [],
            "circuit_breakers": [],
            "connection_draining_timeout_sec": 300,
            "consistent_hash": [],
            "creation_timestamp": "2021-02-18T01:42:04.908-08:00",
            "custom_request_headers": null,
            "description": "",
            "enable_cdn": false,
            "fingerprint": "KvsaRTWRdTM=",
            "health_checks": [
              "projects/gcp-training-01-303001/global/httpHealthChecks/jishnn-mig-chansey"
            ],
            "iap": [],
            "id": "projects/gcp-training-01-303001/global/backendServices/jishnn-mig-backend-service",
            "load_balancing_scheme": "EXTERNAL",
            "locality_lb_policy": "",
            "log_config": [],
            "name": "jishnn-mig-backend-service",
            "outlier_detection": [],
            "port_name": "http",
            "project": "gcp-training-01-303001",
            "protocol": "HTTP",
            "security_policy": "",
            "self_link": "https://www.googleapis.com/compute/v1/projects/gcp-training-01-303001/global/backendServices/jishnn-mig-backend-service",
            "session_affinity": "NONE",
            "timeout_sec": 30,
            "timeouts": null
          },
          "sensitive_attributes": [],
          "private": "eyJlMmJmYjczMC1lY2FhLTExZTYtOGY4OC0zNDM2M2JjN2M0YzAiOnsiY3JlYXRlIjoyNDAwMDAwMDAwMDAsImRlbGV0ZSI6MjQwMDAwMDAwMDAwLCJ1cGRhdGUiOjI0MDAwMDAwMDAwMH0sInNjaGVtYV92ZXJzaW9uIjoiMSJ9",
          "dependencies": [
            "google_compute_http_health_check.nursejoy",
            "google_compute_instance_template.gen1",
            "google_compute_instance_template.gen2",
            "google_compute_network.pokenav",
            "google_compute_region_instance_group_manager.mig_group1",
            "google_compute_region_instance_group_manager.mig_group2",
            "google_compute_subnetwork.hoenn",
            "google_compute_subnetwork.kanto"
          ]
        }
      ]
    },
    {
      "mode": "managed",
      "type": "google_compute_firewall",
      "name": "chansey",
      "provider": "provider[\"registry.terraform.io/hashicorp/google\"]",
      "instances": [
        {
          "schema_version": 1,
          "attributes": {
            "allow": [
              {
                "ports": [],
                "protocol": "tcp"
              }
            ],
            "creation_timestamp": "2021-02-18T01:41:07.960-08:00",
            "deny": [],
            "description": "",
            "destination_ranges": [],
            "direction": "INGRESS",
            "disabled": false,
            "enable_logging": null,
            "id": "projects/gcp-training-01-303001/global/firewalls/allow-chansey",
            "log_config": [],
            "name": "allow-chansey",
            "network": "https://www.googleapis.com/compute/v1/projects/gcp-training-01-303001/global/networks/jishnn-tf-vpc",
            "priority": 1000,
            "project": "gcp-training-01-303001",
            "self_link": "https://www.googleapis.com/compute/v1/projects/gcp-training-01-303001/global/firewalls/allow-chansey",
            "source_ranges": [
              "130.211.0.0/22",
              "35.191.0.0/16"
            ],
            "source_service_accounts": null,
            "source_tags": null,
            "target_service_accounts": null,
            "target_tags": null,
            "timeouts": null
          },
          "sensitive_attributes": [],
          "private": "eyJlMmJmYjczMC1lY2FhLTExZTYtOGY4OC0zNDM2M2JjN2M0YzAiOnsiY3JlYXRlIjoyNDAwMDAwMDAwMDAsImRlbGV0ZSI6MjQwMDAwMDAwMDAwLCJ1cGRhdGUiOjI0MDAwMDAwMDAwMH0sInNjaGVtYV92ZXJzaW9uIjoiMSJ9",
          "dependencies": [
            "google_compute_network.pokenav"
          ]
        }
      ]
    },
    {
      "mode": "managed",
      "type": "google_compute_firewall",
      "name": "charizard",
      "provider": "provider[\"registry.terraform.io/hashicorp/google\"]",
      "instances": [
        {
          "schema_version": 1,
          "attributes": {
            "allow": [
              {
                "ports": [],
                "protocol": "all"
              }
            ],
            "creation_timestamp": "2021-02-18T01:41:08.451-08:00",
            "deny": [],
            "description": "",
            "destination_ranges": [],
            "direction": "INGRESS",
            "disabled": false,
            "enable_logging": null,
            "id": "projects/gcp-training-01-303001/global/firewalls/allow-incoming",
            "log_config": [],
            "name": "allow-incoming",
            "network": "https://www.googleapis.com/compute/v1/projects/gcp-training-01-303001/global/networks/jishnn-tf-vpc",
            "priority": 1000,
            "project": "gcp-training-01-303001",
            "self_link": "https://www.googleapis.com/compute/v1/projects/gcp-training-01-303001/global/firewalls/allow-incoming",
            "source_ranges": [
              "10.0.0.0/8"
            ],
            "source_service_accounts": null,
            "source_tags": null,
            "target_service_accounts": null,
            "target_tags": null,
            "timeouts": null
          },
          "sensitive_attributes": [],
          "private": "eyJlMmJmYjczMC1lY2FhLTExZTYtOGY4OC0zNDM2M2JjN2M0YzAiOnsiY3JlYXRlIjoyNDAwMDAwMDAwMDAsImRlbGV0ZSI6MjQwMDAwMDAwMDAwLCJ1cGRhdGUiOjI0MDAwMDAwMDAwMH0sInNjaGVtYV92ZXJzaW9uIjoiMSJ9",
          "dependencies": [
            "google_compute_network.pokenav"
          ]
        }
      ]
    },
    {
      "mode": "managed",
      "type": "google_compute_firewall",
      "name": "nintendo_global",
      "provider": "provider[\"registry.terraform.io/hashicorp/google\"]",
      "instances": [
        {
          "schema_version": 1,
          "attributes": {
            "allow": [
              {
                "ports": [
                  "80",
                  "8080",
                  "443"
                ],
                "protocol": "tcp"
              }
            ],
            "creation_timestamp": "2021-02-18T01:41:08.139-08:00",
            "deny": [],
            "description": "",
            "destination_ranges": [],
            "direction": "INGRESS",
            "disabled": false,
            "enable_logging": null,
            "id": "projects/gcp-training-01-303001/global/firewalls/allow-http",
            "log_config": [],
            "name": "allow-http",
            "network": "https://www.googleapis.com/compute/v1/projects/gcp-training-01-303001/global/networks/jishnn-tf-vpc",
            "priority": 1000,
            "project": "gcp-training-01-303001",
            "self_link": "https://www.googleapis.com/compute/v1/projects/gcp-training-01-303001/global/firewalls/allow-http",
            "source_ranges": [
              "0.0.0.0/0"
            ],
            "source_service_accounts": null,
            "source_tags": null,
            "target_service_accounts": null,
            "target_tags": [
              "allow-http"
            ],
            "timeouts": null
          },
          "sensitive_attributes": [],
          "private": "eyJlMmJmYjczMC1lY2FhLTExZTYtOGY4OC0zNDM2M2JjN2M0YzAiOnsiY3JlYXRlIjoyNDAwMDAwMDAwMDAsImRlbGV0ZSI6MjQwMDAwMDAwMDAwLCJ1cGRhdGUiOjI0MDAwMDAwMDAwMH0sInNjaGVtYV92ZXJzaW9uIjoiMSJ9",
          "dependencies": [
            "google_compute_network.pokenav"
          ]
        }
      ]
    },
    {
      "mode": "managed",
      "type": "google_compute_firewall",
      "name": "nintendo_switch",
      "provider": "provider[\"registry.terraform.io/hashicorp/google\"]",
      "instances": [
        {
          "schema_version": 1,
          "attributes": {
            "allow": [
              {
                "ports": [
                  "22"
                ],
                "protocol": "tcp"
              }
            ],
            "creation_timestamp": "2021-02-18T01:41:07.835-08:00",
            "deny": [],
            "description": "",
            "destination_ranges": [],
            "direction": "INGRESS",
            "disabled": false,
            "enable_logging": null,
            "id": "projects/gcp-training-01-303001/global/firewalls/allow-iap-ssh",
            "log_config": [],
            "name": "allow-iap-ssh",
            "network": "https://www.googleapis.com/compute/v1/projects/gcp-training-01-303001/global/networks/jishnn-tf-vpc",
            "priority": 1000,
            "project": "gcp-training-01-303001",
            "self_link": "https://www.googleapis.com/compute/v1/projects/gcp-training-01-303001/global/firewalls/allow-iap-ssh",
            "source_ranges": [
              "35.235.240.0/20"
            ],
            "source_service_accounts": null,
            "source_tags": null,
            "target_service_accounts": null,
            "target_tags": [
              "allow-iap-ssh"
            ],
            "timeouts": null
          },
          "sensitive_attributes": [],
          "private": "eyJlMmJmYjczMC1lY2FhLTExZTYtOGY4OC0zNDM2M2JjN2M0YzAiOnsiY3JlYXRlIjoyNDAwMDAwMDAwMDAsImRlbGV0ZSI6MjQwMDAwMDAwMDAwLCJ1cGRhdGUiOjI0MDAwMDAwMDAwMH0sInNjaGVtYV92ZXJzaW9uIjoiMSJ9",
          "dependencies": [
            "google_compute_network.pokenav"
          ]
        }
      ]
    },
    {
      "mode": "managed",
      "type": "google_compute_global_forwarding_rule",
      "name": "loadbalancer",
      "provider": "provider[\"registry.terraform.io/hashicorp/google\"]",
      "instances": [
        {
          "schema_version": 0,
          "attributes": {
            "description": "",
            "id": "projects/gcp-training-01-303001/global/forwardingRules/jishnn-mig-fwd-rule",
            "ip_address": "35.244.197.130",
            "ip_protocol": "TCP",
            "ip_version": "",
            "load_balancing_scheme": "EXTERNAL",
            "metadata_filters": [],
            "name": "jishnn-mig-fwd-rule",
            "port_range": "80-80",
            "project": "gcp-training-01-303001",
            "self_link": "https://www.googleapis.com/compute/v1/projects/gcp-training-01-303001/global/forwardingRules/jishnn-mig-fwd-rule",
            "target": "https://www.googleapis.com/compute/v1/projects/gcp-training-01-303001/global/targetHttpProxies/jishnn-mig-fwd-proxy",
            "timeouts": null
          },
          "sensitive_attributes": [],
          "private": "eyJlMmJmYjczMC1lY2FhLTExZTYtOGY4OC0zNDM2M2JjN2M0YzAiOnsiY3JlYXRlIjoyNDAwMDAwMDAwMDAsImRlbGV0ZSI6MjQwMDAwMDAwMDAwLCJ1cGRhdGUiOjI0MDAwMDAwMDAwMH19",
          "dependencies": [
            "google_compute_backend_service.billpc",
            "google_compute_http_health_check.nursejoy",
            "google_compute_instance_template.gen1",
            "google_compute_instance_template.gen2",
            "google_compute_network.pokenav",
            "google_compute_region_instance_group_manager.mig_group1",
            "google_compute_region_instance_group_manager.mig_group2",
            "google_compute_subnetwork.hoenn",
            "google_compute_subnetwork.kanto",
            "google_compute_target_http_proxy.proxy",
            "google_compute_url_map.pokenav"
          ]
        }
      ]
    },
    {
      "mode": "managed",
      "type": "google_compute_health_check",
      "name": "autohealing",
      "provider": "provider[\"registry.terraform.io/hashicorp/google\"]",
      "instances": [
        {
          "schema_version": 0,
          "attributes": {
            "check_interval_sec": 5,
            "creation_timestamp": "2021-02-18T01:40:54.139-08:00",
            "description": "",
            "grpc_health_check": [],
            "healthy_threshold": 2,
            "http2_health_check": [],
            "http_health_check": [
              {
                "host": "",
                "port": 8080,
                "port_name": "",
                "port_specification": "",
                "proxy_header": "NONE",
                "request_path": "/healthz",
                "response": ""
              }
            ],
            "https_health_check": [],
            "id": "projects/gcp-training-01-303001/global/healthChecks/autohealing-health-check",
            "name": "autohealing-health-check",
            "project": "gcp-training-01-303001",
            "self_link": "https://www.googleapis.com/compute/v1/projects/gcp-training-01-303001/global/healthChecks/autohealing-health-check",
            "ssl_health_check": [],
            "tcp_health_check": [],
            "timeout_sec": 5,
            "timeouts": null,
            "type": "HTTP",
            "unhealthy_threshold": 10
          },
          "sensitive_attributes": [],
          "private": "eyJlMmJmYjczMC1lY2FhLTExZTYtOGY4OC0zNDM2M2JjN2M0YzAiOnsiY3JlYXRlIjoyNDAwMDAwMDAwMDAsImRlbGV0ZSI6MjQwMDAwMDAwMDAwLCJ1cGRhdGUiOjI0MDAwMDAwMDAwMH19"
        }
      ]
    },
    {
      "mode": "managed",
      "type": "google_compute_http_health_check",
      "name": "nursejoy",
      "provider": "provider[\"registry.terraform.io/hashicorp/google\"]",
      "instances": [
        {
          "schema_version": 0,
          "attributes": {
            "check_interval_sec": 30,
            "creation_timestamp": "2021-02-18T01:40:53.967-08:00",
            "description": "",
            "healthy_threshold": 2,
            "host": "",
            "id": "projects/gcp-training-01-303001/global/httpHealthChecks/jishnn-mig-chansey",
            "name": "jishnn-mig-chansey",
            "port": 80,
            "project": "gcp-training-01-303001",
            "request_path": "/",
            "self_link": "https://www.googleapis.com/compute/v1/projects/gcp-training-01-303001/global/httpHealthChecks/jishnn-mig-chansey",
            "timeout_sec": 5,
            "timeouts": null,
            "unhealthy_threshold": 2
          },
          "sensitive_attributes": [],
          "private": "eyJlMmJmYjczMC1lY2FhLTExZTYtOGY4OC0zNDM2M2JjN2M0YzAiOnsiY3JlYXRlIjoyNDAwMDAwMDAwMDAsImRlbGV0ZSI6MjQwMDAwMDAwMDAwLCJ1cGRhdGUiOjI0MDAwMDAwMDAwMH19"
        }
      ]
    },
    {
      "mode": "managed",
      "type": "google_compute_instance_template",
      "name": "gen1",
      "provider": "provider[\"registry.terraform.io/hashicorp/google\"]",
      "instances": [
        {
          "schema_version": 1,
          "attributes": {
            "can_ip_forward": false,
            "confidential_instance_config": null,
            "description": "",
            "disk": [
              {
                "auto_delete": true,
                "boot": true,
                "device_name": "persistent-disk-0",
                "disk_encryption_key": [],
                "disk_name": "",
                "disk_size_gb": 10,
                "disk_type": "pd-ssd",
                "interface": "SCSI",
                "labels": null,
                "mode": "READ_WRITE",
                "resource_policies": null,
                "source": "",
                "source_image": "projects/debian-cloud/global/images/family/debian-9",
                "type": "PERSISTENT"
              }
            ],
            "enable_display": null,
            "guest_accelerator": [],
            "id": "projects/gcp-training-01-303001/global/instanceTemplates/jishnn-mig-tmp1",
            "instance_description": "",
            "labels": null,
            "machine_type": "n1-standard-1",
            "metadata": null,
            "metadata_fingerprint": "gQjEw-0S910=",
            "metadata_startup_script": "#!/bin/bash\r\n  sudo ufw allow 22\r\n  sudo apt-get update\r\n  sudo apt install -y apache2\r\n  sudo apt-get install -y git\r\n  git clone https://github.com/Schrodinger-kat/google-cloud-activity.git\r\n  cd /google-cloud-activity/wordpress/\r\n  sudo sh install.sh\r\n",
            "min_cpu_platform": "",
            "name": "jishnn-mig-tmp1",
            "name_prefix": null,
            "network_interface": [
              {
                "access_config": [
                  {
                    "nat_ip": "",
                    "network_tier": "PREMIUM",
                    "public_ptr_domain_name": ""
                  }
                ],
                "alias_ip_range": [],
                "name": "nic0",
                "network": "https://www.googleapis.com/compute/v1/projects/gcp-training-01-303001/global/networks/jishnn-tf-vpc",
                "network_ip": "",
                "subnetwork": "https://www.googleapis.com/compute/v1/projects/gcp-training-01-303001/regions/us-east1/subnetworks/jishnn-sub2",
                "subnetwork_project": "gcp-training-01-303001"
              }
            ],
            "project": "gcp-training-01-303001",
            "region": "us-east1",
            "scheduling": [
              {
                "automatic_restart": false,
                "node_affinities": [],
                "on_host_maintenance": "MIGRATE",
                "preemptible": false
              }
            ],
            "self_link": "https://www.googleapis.com/compute/beta/projects/gcp-training-01-303001/global/instanceTemplates/jishnn-mig-tmp1",
            "service_account": [],
            "shielded_instance_config": [],
            "tags": [
              "allow-http",
              "allow-iap-ssh",
              "http",
              "http-server",
              "https"
            ],
            "tags_fingerprint": "",
            "timeouts": null
          },
          "sensitive_attributes": [],
          "private": "eyJlMmJmYjczMC1lY2FhLTExZTYtOGY4OC0zNDM2M2JjN2M0YzAiOnsiY3JlYXRlIjoyNDAwMDAwMDAwMDAsImRlbGV0ZSI6MjQwMDAwMDAwMDAwfSwic2NoZW1hX3ZlcnNpb24iOiIxIn0=",
          "dependencies": [
            "google_compute_network.pokenav",
            "google_compute_subnetwork.hoenn"
          ],
          "create_before_destroy": true
        }
      ]
    },
    {
      "mode": "managed",
      "type": "google_compute_instance_template",
      "name": "gen2",
      "provider": "provider[\"registry.terraform.io/hashicorp/google\"]",
      "instances": [
        {
          "schema_version": 1,
          "attributes": {
            "can_ip_forward": false,
            "confidential_instance_config": null,
            "description": "",
            "disk": [
              {
                "auto_delete": true,
                "boot": true,
                "device_name": "persistent-disk-0",
                "disk_encryption_key": [],
                "disk_name": "",
                "disk_size_gb": 10,
                "disk_type": "pd-ssd",
                "interface": "SCSI",
                "labels": null,
                "mode": "READ_WRITE",
                "resource_policies": null,
                "source": "",
                "source_image": "projects/debian-cloud/global/images/family/debian-9",
                "type": "PERSISTENT"
              }
            ],
            "enable_display": null,
            "guest_accelerator": [],
            "id": "projects/gcp-training-01-303001/global/instanceTemplates/jishnn-mig-tmp2",
            "instance_description": "",
            "labels": null,
            "machine_type": "n1-standard-1",
            "metadata": null,
            "metadata_fingerprint": "gQjEw-0S910=",
            "metadata_startup_script": "#!/bin/bash\r\n  sudo ufw allow 22\r\n  sudo apt-get update\r\n  sudo apt install -y apache2\r\n  sudo apt-get install -y git\r\n  git clone https://github.com/Schrodinger-kat/google-cloud-activity.git\r\n  cd /google-cloud-activity/wordpress/\r\n  sudo sh install.sh\r\n",
            "min_cpu_platform": "",
            "name": "jishnn-mig-tmp2",
            "name_prefix": null,
            "network_interface": [
              {
                "access_config": [
                  {
                    "nat_ip": "",
                    "network_tier": "PREMIUM",
                    "public_ptr_domain_name": ""
                  }
                ],
                "alias_ip_range": [],
                "name": "nic0",
                "network": "https://www.googleapis.com/compute/v1/projects/gcp-training-01-303001/global/networks/jishnn-tf-vpc",
                "network_ip": "",
                "subnetwork": "https://www.googleapis.com/compute/v1/projects/gcp-training-01-303001/regions/europe-west1/subnetworks/jishnn-sub1",
                "subnetwork_project": "gcp-training-01-303001"
              }
            ],
            "project": "gcp-training-01-303001",
            "region": "europe-west1",
            "scheduling": [
              {
                "automatic_restart": false,
                "node_affinities": [],
                "on_host_maintenance": "MIGRATE",
                "preemptible": false
              }
            ],
            "self_link": "https://www.googleapis.com/compute/beta/projects/gcp-training-01-303001/global/instanceTemplates/jishnn-mig-tmp2",
            "service_account": [],
            "shielded_instance_config": [],
            "tags": [
              "allow-http",
              "allow-iap-ssh",
              "allow-incoming",
              "http",
              "http-server"
            ],
            "tags_fingerprint": "",
            "timeouts": null
          },
          "sensitive_attributes": [],
          "private": "eyJlMmJmYjczMC1lY2FhLTExZTYtOGY4OC0zNDM2M2JjN2M0YzAiOnsiY3JlYXRlIjoyNDAwMDAwMDAwMDAsImRlbGV0ZSI6MjQwMDAwMDAwMDAwfSwic2NoZW1hX3ZlcnNpb24iOiIxIn0=",
          "dependencies": [
            "google_compute_network.pokenav",
            "google_compute_subnetwork.kanto"
          ],
          "create_before_destroy": true
        }
      ]
    },
    {
      "mode": "managed",
      "type": "google_compute_network",
      "name": "pokenav",
      "provider": "provider[\"registry.terraform.io/hashicorp/google\"]",
      "instances": [
        {
          "schema_version": 0,
          "attributes": {
            "auto_create_subnetworks": false,
            "delete_default_routes_on_create": false,
            "description": "vpc-name",
            "gateway_ipv4": "",
            "id": "projects/gcp-training-01-303001/global/networks/jishnn-tf-vpc",
            "mtu": 0,
            "name": "jishnn-tf-vpc",
            "project": "gcp-training-01-303001",
            "routing_mode": "REGIONAL",
            "self_link": "https://www.googleapis.com/compute/v1/projects/gcp-training-01-303001/global/networks/jishnn-tf-vpc",
            "timeouts": null
          },
          "sensitive_attributes": [],
          "private": "eyJlMmJmYjczMC1lY2FhLTExZTYtOGY4OC0zNDM2M2JjN2M0YzAiOnsiY3JlYXRlIjoyNDAwMDAwMDAwMDAsImRlbGV0ZSI6MjQwMDAwMDAwMDAwLCJ1cGRhdGUiOjI0MDAwMDAwMDAwMH19",
          "create_before_destroy": true
        }
      ]
    },
    {
      "mode": "managed",
      "type": "google_compute_region_autoscaler",
      "name": "evo1",
      "provider": "provider[\"registry.terraform.io/hashicorp/google\"]",
      "instances": [
        {
          "schema_version": 0,
          "attributes": {
            "autoscaling_policy": [
              {
                "cooldown_period": 60,
                "cpu_utilization": [
                  {
                    "target": 0.7
                  }
                ],
                "load_balancing_utilization": [],
                "max_replicas": 3,
                "metric": [],
                "min_replicas": 1,
                "mode": "ON",
                "scale_in_control": []
              }
            ],
            "creation_timestamp": "2021-02-18T01:41:56.629-08:00",
            "description": "",
            "id": "projects/gcp-training-01-303001/regions/us-east1/autoscalers/hoenn-region-autoscaler",
            "name": "hoenn-region-autoscaler",
            "project": "gcp-training-01-303001",
            "region": "https://www.googleapis.com/compute/v1/projects/gcp-training-01-303001/regions/us-east1",
            "self_link": "https://www.googleapis.com/compute/v1/projects/gcp-training-01-303001/regions/us-east1/autoscalers/hoenn-region-autoscaler",
            "target": "https://www.googleapis.com/compute/v1/projects/gcp-training-01-303001/regions/us-east1/instanceGroupManagers/jishnn-mig-g1",
            "timeouts": null
          },
          "sensitive_attributes": [],
          "private": "eyJlMmJmYjczMC1lY2FhLTExZTYtOGY4OC0zNDM2M2JjN2M0YzAiOnsiY3JlYXRlIjoyNDAwMDAwMDAwMDAsImRlbGV0ZSI6MjQwMDAwMDAwMDAwLCJ1cGRhdGUiOjI0MDAwMDAwMDAwMH19",
          "dependencies": [
            "google_compute_instance_template.gen1",
            "google_compute_network.pokenav",
            "google_compute_region_instance_group_manager.mig_group1",
            "google_compute_subnetwork.hoenn"
          ]
        }
      ]
    },
    {
      "mode": "managed",
      "type": "google_compute_region_autoscaler",
      "name": "evo2",
      "provider": "provider[\"registry.terraform.io/hashicorp/google\"]",
      "instances": [
        {
          "schema_version": 0,
          "attributes": {
            "autoscaling_policy": [
              {
                "cooldown_period": 60,
                "cpu_utilization": [
                  {
                    "target": 0.7
                  }
                ],
                "load_balancing_utilization": [],
                "max_replicas": 3,
                "metric": [],
                "min_replicas": 1,
                "mode": "ON",
                "scale_in_control": []
              }
            ],
            "creation_timestamp": "2021-02-18T01:42:06.090-08:00",
            "description": "",
            "id": "projects/gcp-training-01-303001/regions/europe-west1/autoscalers/kanto-region-autoscaler",
            "name": "kanto-region-autoscaler",
            "project": "gcp-training-01-303001",
            "region": "https://www.googleapis.com/compute/v1/projects/gcp-training-01-303001/regions/europe-west1",
            "self_link": "https://www.googleapis.com/compute/v1/projects/gcp-training-01-303001/regions/europe-west1/autoscalers/kanto-region-autoscaler",
            "target": "https://www.googleapis.com/compute/v1/projects/gcp-training-01-303001/regions/europe-west1/instanceGroupManagers/jishnn-mig-g2",
            "timeouts": null
          },
          "sensitive_attributes": [],
          "private": "eyJlMmJmYjczMC1lY2FhLTExZTYtOGY4OC0zNDM2M2JjN2M0YzAiOnsiY3JlYXRlIjoyNDAwMDAwMDAwMDAsImRlbGV0ZSI6MjQwMDAwMDAwMDAwLCJ1cGRhdGUiOjI0MDAwMDAwMDAwMH19",
          "dependencies": [
            "google_compute_instance_template.gen2",
            "google_compute_network.pokenav",
            "google_compute_region_instance_group_manager.mig_group2",
            "google_compute_subnetwork.kanto"
          ]
        }
      ]
    },
    {
      "mode": "managed",
      "type": "google_compute_region_instance_group_manager",
      "name": "mig_group1",
      "provider": "provider[\"registry.terraform.io/hashicorp/google\"]",
      "instances": [
        {
          "schema_version": 0,
          "attributes": {
            "auto_healing_policies": [],
            "base_instance_name": "jishnn-mig",
            "description": "",
            "distribution_policy_target_shape": "EVEN",
            "distribution_policy_zones": [
              "us-east1-b",
              "us-east1-c",
              "us-east1-d"
            ],
            "fingerprint": "OozezAzvlkI=",
            "id": "projects/gcp-training-01-303001/regions/us-east1/instanceGroupManagers/jishnn-mig-g1",
            "instance_group": "https://www.googleapis.com/compute/v1/projects/gcp-training-01-303001/regions/us-east1/instanceGroups/jishnn-mig-g1",
            "name": "jishnn-mig-g1",
            "named_port": [
              {
                "name": "http",
                "port": 80
              },
              {
                "name": "https",
                "port": 443
              }
            ],
            "project": "gcp-training-01-303001",
            "region": "us-east1",
            "self_link": "https://www.googleapis.com/compute/v1/projects/gcp-training-01-303001/regions/us-east1/instanceGroupManagers/jishnn-mig-g1",
            "stateful_disk": [],
            "target_pools": null,
            "target_size": 2,
            "timeouts": null,
            "update_policy": [
              {
                "instance_redistribution_type": "PROACTIVE",
                "max_surge_fixed": 3,
                "max_surge_percent": 0,
                "max_unavailable_fixed": 3,
                "max_unavailable_percent": 0,
                "min_ready_sec": 0,
                "minimal_action": "REPLACE",
                "replacement_method": "SUBSTITUTE",
                "type": "OPPORTUNISTIC"
              }
            ],
            "version": [
              {
                "instance_template": "https://www.googleapis.com/compute/v1/projects/gcp-training-01-303001/global/instanceTemplates/jishnn-mig-tmp1",
                "name": "jishnn-gen1",
                "target_size": []
              }
            ],
            "wait_for_instances": false
          },
          "sensitive_attributes": [],
          "private": "eyJlMmJmYjczMC1lY2FhLTExZTYtOGY4OC0zNDM2M2JjN2M0YzAiOnsiY3JlYXRlIjozMDAwMDAwMDAwMDAsImRlbGV0ZSI6OTAwMDAwMDAwMDAwLCJ1cGRhdGUiOjMwMDAwMDAwMDAwMH19",
          "dependencies": [
            "google_compute_instance_template.gen1",
            "google_compute_network.pokenav",
            "google_compute_subnetwork.hoenn"
          ]
        }
      ]
    },
    {
      "mode": "managed",
      "type": "google_compute_region_instance_group_manager",
      "name": "mig_group2",
      "provider": "provider[\"registry.terraform.io/hashicorp/google\"]",
      "instances": [
        {
          "schema_version": 0,
          "attributes": {
            "auto_healing_policies": [],
            "base_instance_name": "jishnn-mig",
            "description": "",
            "distribution_policy_target_shape": "EVEN",
            "distribution_policy_zones": [
              "europe-west1-b",
              "europe-west1-c",
              "europe-west1-d"
            ],
            "fingerprint": "VIHcnZN6k5c=",
            "id": "projects/gcp-training-01-303001/regions/europe-west1/instanceGroupManagers/jishnn-mig-g2",
            "instance_group": "https://www.googleapis.com/compute/v1/projects/gcp-training-01-303001/regions/europe-west1/instanceGroups/jishnn-mig-g2",
            "name": "jishnn-mig-g2",
            "named_port": [
              {
                "name": "http",
                "port": 80
              },
              {
                "name": "https",
                "port": 443
              }
            ],
            "project": "gcp-training-01-303001",
            "region": "europe-west1",
            "self_link": "https://www.googleapis.com/compute/v1/projects/gcp-training-01-303001/regions/europe-west1/instanceGroupManagers/jishnn-mig-g2",
            "stateful_disk": [],
            "target_pools": null,
            "target_size": 2,
            "timeouts": null,
            "update_policy": [
              {
                "instance_redistribution_type": "PROACTIVE",
                "max_surge_fixed": 3,
                "max_surge_percent": 0,
                "max_unavailable_fixed": 3,
                "max_unavailable_percent": 0,
                "min_ready_sec": 0,
                "minimal_action": "REPLACE",
                "replacement_method": "SUBSTITUTE",
                "type": "OPPORTUNISTIC"
              }
            ],
            "version": [
              {
                "instance_template": "https://www.googleapis.com/compute/v1/projects/gcp-training-01-303001/global/instanceTemplates/jishnn-mig-tmp2",
                "name": "jishnn-gen2",
                "target_size": []
              }
            ],
            "wait_for_instances": false
          },
          "sensitive_attributes": [],
          "private": "eyJlMmJmYjczMC1lY2FhLTExZTYtOGY4OC0zNDM2M2JjN2M0YzAiOnsiY3JlYXRlIjozMDAwMDAwMDAwMDAsImRlbGV0ZSI6OTAwMDAwMDAwMDAwLCJ1cGRhdGUiOjMwMDAwMDAwMDAwMH19",
          "dependencies": [
            "google_compute_instance_template.gen2",
            "google_compute_network.pokenav",
            "google_compute_subnetwork.kanto"
          ]
        }
      ]
    },
    {
      "mode": "managed",
      "type": "google_compute_subnetwork",
      "name": "hoenn",
      "provider": "provider[\"registry.terraform.io/hashicorp/google\"]",
      "instances": [
        {
          "schema_version": 0,
          "attributes": {
            "creation_timestamp": "2021-02-18T01:41:08.324-08:00",
            "description": "",
            "fingerprint": null,
            "gateway_address": "10.0.2.1",
            "id": "projects/gcp-training-01-303001/regions/us-east1/subnetworks/jishnn-sub2",
            "ip_cidr_range": "10.0.2.0/24",
            "log_config": [],
            "name": "jishnn-sub2",
            "network": "https://www.googleapis.com/compute/v1/projects/gcp-training-01-303001/global/networks/jishnn-tf-vpc",
            "private_ip_google_access": true,
            "private_ipv6_google_access": "DISABLE_GOOGLE_ACCESS",
            "project": "gcp-training-01-303001",
            "region": "us-east1",
            "secondary_ip_range": [],
            "self_link": "https://www.googleapis.com/compute/v1/projects/gcp-training-01-303001/regions/us-east1/subnetworks/jishnn-sub2",
            "timeouts": null
          },
          "sensitive_attributes": [],
          "private": "eyJlMmJmYjczMC1lY2FhLTExZTYtOGY4OC0zNDM2M2JjN2M0YzAiOnsiY3JlYXRlIjozNjAwMDAwMDAwMDAsImRlbGV0ZSI6MzYwMDAwMDAwMDAwLCJ1cGRhdGUiOjM2MDAwMDAwMDAwMH19",
          "dependencies": [
            "google_compute_network.pokenav"
          ],
          "create_before_destroy": true
        }
      ]
    },
    {
      "mode": "managed",
      "type": "google_compute_subnetwork",
      "name": "kanto",
      "provider": "provider[\"registry.terraform.io/hashicorp/google\"]",
      "instances": [
        {
          "schema_version": 0,
          "attributes": {
            "creation_timestamp": "2021-02-18T01:41:08.229-08:00",
            "description": "",
            "fingerprint": null,
            "gateway_address": "10.0.1.1",
            "id": "projects/gcp-training-01-303001/regions/europe-west1/subnetworks/jishnn-sub1",
            "ip_cidr_range": "10.0.1.0/24",
            "log_config": [],
            "name": "jishnn-sub1",
            "network": "https://www.googleapis.com/compute/v1/projects/gcp-training-01-303001/global/networks/jishnn-tf-vpc",
            "private_ip_google_access": true,
            "private_ipv6_google_access": "DISABLE_GOOGLE_ACCESS",
            "project": "gcp-training-01-303001",
            "region": "europe-west1",
            "secondary_ip_range": [],
            "self_link": "https://www.googleapis.com/compute/v1/projects/gcp-training-01-303001/regions/europe-west1/subnetworks/jishnn-sub1",
            "timeouts": null
          },
          "sensitive_attributes": [],
          "private": "eyJlMmJmYjczMC1lY2FhLTExZTYtOGY4OC0zNDM2M2JjN2M0YzAiOnsiY3JlYXRlIjozNjAwMDAwMDAwMDAsImRlbGV0ZSI6MzYwMDAwMDAwMDAwLCJ1cGRhdGUiOjM2MDAwMDAwMDAwMH19",
          "dependencies": [
            "google_compute_network.pokenav"
          ],
          "create_before_destroy": true
        }
      ]
    },
    {
      "mode": "managed",
      "type": "google_compute_target_http_proxy",
      "name": "proxy",
      "provider": "provider[\"registry.terraform.io/hashicorp/google\"]",
      "instances": [
        {
          "schema_version": 0,
          "attributes": {
            "creation_timestamp": "2021-02-18T01:42:26.597-08:00",
            "description": "",
            "id": "projects/gcp-training-01-303001/global/targetHttpProxies/jishnn-mig-fwd-proxy",
            "name": "jishnn-mig-fwd-proxy",
            "project": "gcp-training-01-303001",
            "proxy_id": 3040450623830198381,
            "self_link": "https://www.googleapis.com/compute/v1/projects/gcp-training-01-303001/global/targetHttpProxies/jishnn-mig-fwd-proxy",
            "timeouts": null,
            "url_map": "https://www.googleapis.com/compute/v1/projects/gcp-training-01-303001/global/urlMaps/jishnn-mig-map"
          },
          "sensitive_attributes": [],
          "private": "eyJlMmJmYjczMC1lY2FhLTExZTYtOGY4OC0zNDM2M2JjN2M0YzAiOnsiY3JlYXRlIjoyNDAwMDAwMDAwMDAsImRlbGV0ZSI6MjQwMDAwMDAwMDAwLCJ1cGRhdGUiOjI0MDAwMDAwMDAwMH19",
          "dependencies": [
            "google_compute_backend_service.billpc",
            "google_compute_http_health_check.nursejoy",
            "google_compute_instance_template.gen1",
            "google_compute_instance_template.gen2",
            "google_compute_network.pokenav",
            "google_compute_region_instance_group_manager.mig_group1",
            "google_compute_region_instance_group_manager.mig_group2",
            "google_compute_subnetwork.hoenn",
            "google_compute_subnetwork.kanto",
            "google_compute_url_map.pokenav"
          ]
        }
      ]
    },
    {
      "mode": "managed",
      "type": "google_compute_url_map",
      "name": "pokenav",
      "provider": "provider[\"registry.terraform.io/hashicorp/google\"]",
      "instances": [
        {
          "schema_version": 0,
          "attributes": {
            "creation_timestamp": "2021-02-18T01:42:19.535-08:00",
            "default_route_action": [],
            "default_service": "https://www.googleapis.com/compute/v1/projects/gcp-training-01-303001/global/backendServices/jishnn-mig-backend-service",
            "default_url_redirect": [],
            "description": "",
            "fingerprint": "2jfBEhiCVOU=",
            "header_action": [],
            "host_rule": [],
            "id": "projects/gcp-training-01-303001/global/urlMaps/jishnn-mig-map",
            "map_id": 894008011478239380,
            "name": "jishnn-mig-map",
            "path_matcher": [],
            "project": "gcp-training-01-303001",
            "self_link": "https://www.googleapis.com/compute/v1/projects/gcp-training-01-303001/global/urlMaps/jishnn-mig-map",
            "test": [],
            "timeouts": null
          },
          "sensitive_attributes": [],
          "private": "eyJlMmJmYjczMC1lY2FhLTExZTYtOGY4OC0zNDM2M2JjN2M0YzAiOnsiY3JlYXRlIjoyNDAwMDAwMDAwMDAsImRlbGV0ZSI6MjQwMDAwMDAwMDAwLCJ1cGRhdGUiOjI0MDAwMDAwMDAwMH19",
          "dependencies": [
            "google_compute_backend_service.billpc",
            "google_compute_http_health_check.nursejoy",
            "google_compute_instance_template.gen1",
            "google_compute_instance_template.gen2",
            "google_compute_network.pokenav",
            "google_compute_region_instance_group_manager.mig_group1",
            "google_compute_region_instance_group_manager.mig_group2",
            "google_compute_subnetwork.hoenn",
            "google_compute_subnetwork.kanto"
          ]
        }
      ]
    },
    {
      "mode": "managed",
      "type": "google_sql_database",
      "name": "dexpss",
      "provider": "provider[\"registry.terraform.io/hashicorp/google\"]",
      "instances": []
    },
    {
      "mode": "managed",
      "type": "google_sql_user",
      "name": "users",
      "provider": "provider[\"registry.terraform.io/hashicorp/google\"]",
      "instances": []
    },
    {
      "mode": "managed",
      "type": "random_id",
      "name": "db_name_suffix",
      "provider": "provider[\"registry.terraform.io/hashicorp/random\"]",
      "instances": [
        {
          "schema_version": 0,
          "attributes": {
            "b64_std": "ZhJ51A==",
            "b64_url": "ZhJ51A",
            "byte_length": 4,
            "dec": "1712486868",
            "hex": "661279d4",
            "id": "ZhJ51A",
            "keepers": null,
            "prefix": null
          },
          "sensitive_attributes": [],
          "private": "bnVsbA=="
        }
      ]
    }
  ]
}
